// !$*UTF8*$!
{
	archiveVersion = 1;
	classes = {
	};
	objectVersion = 56;
	objects = {

/* Begin PBXBuildFile section */
		648971A22AA4E22D00DE8F43 /* Question.swift in Sources */ = {isa = PBXBuildFile; fileRef = 648971A12AA4E22D00DE8F43 /* Question.swift */; };
		64EB3E5C2AA2FFA800CFE39D /* AppDelegate.swift in Sources */ = {isa = PBXBuildFile; fileRef = 64EB3E5B2AA2FFA800CFE39D /* AppDelegate.swift */; };
		64EB3E5E2AA2FFA800CFE39D /* SceneDelegate.swift in Sources */ = {isa = PBXBuildFile; fileRef = 64EB3E5D2AA2FFA800CFE39D /* SceneDelegate.swift */; };
		64EB3E602AA2FFA800CFE39D /* QuestionsViewController.swift in Sources */ = {isa = PBXBuildFile; fileRef = 64EB3E5F2AA2FFA800CFE39D /* QuestionsViewController.swift */; };
		64EB3E632AA2FFA800CFE39D /* Main.storyboard in Resources */ = {isa = PBXBuildFile; fileRef = 64EB3E612AA2FFA800CFE39D /* Main.storyboard */; };
		64EB3E652AA2FFA900CFE39D /* Assets.xcassets in Resources */ = {isa = PBXBuildFile; fileRef = 64EB3E642AA2FFA900CFE39D /* Assets.xcassets */; };
		64EB3E682AA2FFA900CFE39D /* LaunchScreen.storyboard in Resources */ = {isa = PBXBuildFile; fileRef = 64EB3E662AA2FFA900CFE39D /* LaunchScreen.storyboard */; };
		64EB3E762AA3A68700CFE39D /* ResultViewController.swift in Sources */ = {isa = PBXBuildFile; fileRef = 64EB3E752AA3A68700CFE39D /* ResultViewController.swift */; };
/* End PBXBuildFile section */

/* Begin PBXFileReference section */
		648971A12AA4E22D00DE8F43 /* Question.swift */ = {isa = PBXFileReference; lastKnownFileType = sourcecode.swift; path = Question.swift; sourceTree = SOURCE_ROOT; };
		64EB3E582AA2FFA800CFE39D /* questionnaire.app */ = {isa = PBXFileReference; explicitFileType = wrapper.application; includeInIndex = 0; path = questionnaire.app; sourceTree = BUILT_PRODUCTS_DIR; };
		64EB3E5B2AA2FFA800CFE39D /* AppDelegate.swift */ = {isa = PBXFileReference; lastKnownFileType = sourcecode.swift; path = AppDelegate.swift; sourceTree = "<group>"; };
		64EB3E5D2AA2FFA800CFE39D /* SceneDelegate.swift */ = {isa = PBXFileReference; lastKnownFileType = sourcecode.swift; path = SceneDelegate.swift; sourceTree = "<group>"; };
		64EB3E5F2AA2FFA800CFE39D /* QuestionsViewController.swift */ = {isa = PBXFileReference; lastKnownFileType = sourcecode.swift; path = QuestionsViewController.swift; sourceTree = "<group>"; };
		64EB3E622AA2FFA800CFE39D /* Base */ = {isa = PBXFileReference; lastKnownFileType = file.storyboard; name = Base; path = Base.lproj/Main.storyboard; sourceTree = "<group>"; };
		64EB3E642AA2FFA900CFE39D /* Assets.xcassets */ = {isa = PBXFileReference; lastKnownFileType = folder.assetcatalog; path = Assets.xcassets; sourceTree = "<group>"; };
		64EB3E672AA2FFA900CFE39D /* Base */ = {isa = PBXFileReference; lastKnownFileType = file.storyboard; name = Base; path = Base.lproj/LaunchScreen.storyboard; sourceTree = "<group>"; };
		64EB3E692AA2FFA900CFE39D /* Info.plist */ = {isa = PBXFileReference; lastKnownFileType = text.plist.xml; path = Info.plist; sourceTree = "<group>"; };
		64EB3E752AA3A68700CFE39D /* ResultViewController.swift */ = {isa = PBXFileReference; lastKnownFileType = sourcecode.swift; path = ResultViewController.swift; sourceTree = "<group>"; };
/* End PBXFileReference section */

/* Begin PBXFrameworksBuildPhase section */
		64EB3E552AA2FFA800CFE39D /* Frameworks */ = {
			isa = PBXFrameworksBuildPhase;
			buildActionMask = 2147483647;
			files = (
			);
			runOnlyForDeploymentPostprocessing = 0;
		};
/* End PBXFrameworksBuildPhase section */

/* Begin PBXGroup section */
		6489719D2AA4CA0E00DE8F43 /* App */ = {
			isa = PBXGroup;
			children = (
				64EB3E5B2AA2FFA800CFE39D /* AppDelegate.swift */,
				64EB3E5D2AA2FFA800CFE39D /* SceneDelegate.swift */,
				64EB3E692AA2FFA900CFE39D /* Info.plist */,
			);
			path = App;
			sourceTree = "<group>";
		};
		6489719E2AA4CA3100DE8F43 /* Models */ = {
			isa = PBXGroup;
			children = (
				648971A12AA4E22D00DE8F43 /* Question.swift */,
			);
			path = Models;
			sourceTree = "<group>";
		};
		6489719F2AA4CA7500DE8F43 /* ViewControllers */ = {
			isa = PBXGroup;
			children = (
				64EB3E752AA3A68700CFE39D /* ResultViewController.swift */,
				64EB3E5F2AA2FFA800CFE39D /* QuestionsViewController.swift */,
			);
			path = ViewControllers;
			sourceTree = "<group>";
		};
		648971A02AA4CA9300DE8F43 /* Storyboards */ = {
			isa = PBXGroup;
			children = (
				64EB3E662AA2FFA900CFE39D /* LaunchScreen.storyboard */,
				64EB3E612AA2FFA800CFE39D /* Main.storyboard */,
			);
			path = Storyboards;
			sourceTree = "<group>";
		};
		64EB3E4F2AA2FFA800CFE39D = {
			isa = PBXGroup;
			children = (
				64EB3E5A2AA2FFA800CFE39D /* questionnaire */,
				64EB3E592AA2FFA800CFE39D /* Products */,
			);
			sourceTree = "<group>";
		};
		64EB3E592AA2FFA800CFE39D /* Products */ = {
			isa = PBXGroup;
			children = (
				64EB3E582AA2FFA800CFE39D /* questionnaire.app */,
			);
			name = Products;
			sourceTree = "<group>";
		};
		64EB3E5A2AA2FFA800CFE39D /* questionnaire */ = {
			isa = PBXGroup;
			children = (
				6489719F2AA4CA7500DE8F43 /* ViewControllers */,
				6489719E2AA4CA3100DE8F43 /* Models */,
				648971A02AA4CA9300DE8F43 /* Storyboards */,
				6489719D2AA4CA0E00DE8F43 /* App */,
				64EB3E642AA2FFA900CFE39D /* Assets.xcassets */,
			);
			path = questionnaire;
			sourceTree = "<group>";
		};
/* End PBXGroup section */

/* Begin PBXNativeTarget section */
		64EB3E572AA2FFA800CFE39D /* questionnaire */ = {
			isa = PBXNativeTarget;
			buildConfigurationList = 64EB3E6C2AA2FFA900CFE39D /* Build configuration list for PBXNativeTarget "questionnaire" */;
			buildPhases = (
				64EB3E542AA2FFA800CFE39D /* Sources */,
				64EB3E552AA2FFA800CFE39D /* Frameworks */,
				64EB3E562AA2FFA800CFE39D /* Resources */,
			);
			buildRules = (
			);
			dependencies = (
			);
			name = questionnaire;
			productName = questionnaire;
			productReference = 64EB3E582AA2FFA800CFE39D /* questionnaire.app */;
			productType = "com.apple.product-type.application";
		};
/* End PBXNativeTarget section */

/* Begin PBXProject section */
		64EB3E502AA2FFA800CFE39D /* Project object */ = {
			isa = PBXProject;
			attributes = {
				BuildIndependentTargetsInParallel = 1;
				LastSwiftUpdateCheck = 1430;
				LastUpgradeCheck = 1430;
				TargetAttributes = {
					64EB3E572AA2FFA800CFE39D = {
						CreatedOnToolsVersion = 14.3.1;
					};
				};
			};
			buildConfigurationList = 64EB3E532AA2FFA800CFE39D /* Build configuration list for PBXProject "questionnaire" */;
			compatibilityVersion = "Xcode 14.0";
			developmentRegion = en;
			hasScannedForEncodings = 0;
			knownRegions = (
				en,
				Base,
			);
			mainGroup = 64EB3E4F2AA2FFA800CFE39D;
			productRefGroup = 64EB3E592AA2FFA800CFE39D /* Products */;
			projectDirPath = "";
			projectRoot = "";
			targets = (
				64EB3E572AA2FFA800CFE39D /* questionnaire */,
			);
		};
/* End PBXProject section */

/* Begin PBXResourcesBuildPhase section */
		64EB3E562AA2FFA800CFE39D /* Resources */ = {
			isa = PBXResourcesBuildPhase;
			buildActionMask = 2147483647;
			files = (
				64EB3E682AA2FFA900CFE39D /* LaunchScreen.storyboard in Resources */,
				64EB3E652AA2FFA900CFE39D /* Assets.xcassets in Resources */,
				64EB3E632AA2FFA800CFE39D /* Main.storyboard in Resources */,
			);
			runOnlyForDeploymentPostprocessing = 0;
		};
/* End PBXResourcesBuildPhase section */

/* Begin PBXSourcesBuildPhase section */
		64EB3E542AA2FFA800CFE39D /* Sources */ = {
			isa = PBXSourcesBuildPhase;
			buildActionMask = 2147483647;
			files = (
				648971A22AA4E22D00DE8F43 /* Question.swift in Sources */,
				64EB3E762AA3A68700CFE39D /* ResultViewController.swift in Sources */,
				64EB3E602AA2FFA800CFE39D /* QuestionsViewController.swift in Sources */,
				64EB3E5C2AA2FFA800CFE39D /* AppDelegate.swift in Sources */,
				64EB3E5E2AA2FFA800CFE39D /* SceneDelegate.swift in Sources */,
			);
			runOnlyForDeploymentPostprocessing = 0;
		};
/* End PBXSourcesBuildPhase section */

/* Begin PBXVariantGroup section */
		64EB3E612AA2FFA800CFE39D /* Main.storyboard */ = {
			isa = PBXVariantGroup;
			children = (
				64EB3E622AA2FFA800CFE39D /* Base */,
			);
			name = Main.storyboard;
			sourceTree = "<group>";
		};
		64EB3E662AA2FFA900CFE39D /* LaunchScreen.storyboard */ = {
			isa = PBXVariantGroup;
			children = (
				64EB3E672AA2FFA900CFE39D /* Base */,
			);
			name = LaunchScreen.storyboard;
			sourceTree = "<group>";
		};
/* End PBXVariantGroup section */

/* Begin XCBuildConfiguration section */
		64EB3E6A2AA2FFA900CFE39D /* Debug */ = {
			isa = XCBuildConfiguration;
			buildSettings = {
				ALWAYS_SEARCH_USER_PATHS = NO;
				CLANG_ANALYZER_NONNULL = YES;
				CLANG_ANALYZER_NUMBER_OBJECT_CONVERSION = YES_AGGRESSIVE;
				CLANG_CXX_LANGUAGE_STANDARD = "gnu++20";
				CLANG_ENABLE_MODULES = YES;
				CLANG_ENABLE_OBJC_ARC = YES;
				CLANG_ENABLE_OBJC_WEAK = YES;
				CLANG_WARN_BLOCK_CAPTURE_AUTORELEASING = YES;
				CLANG_WARN_BOOL_CONVERSION = YES;
				CLANG_WARN_COMMA = YES;
				CLANG_WARN_CONSTANT_CONVERSION = YES;
				CLANG_WARN_DEPRECATED_OBJC_IMPLEMENTATIONS = YES;
				CLANG_WARN_DIRECT_OBJC_ISA_USAGE = YES_ERROR;
				CLANG_WARN_DOCUMENTATION_COMMENTS = YES;
				CLANG_WARN_EMPTY_BODY = YES;
				CLANG_WARN_ENUM_CONVERSION = YES;
				CLANG_WARN_INFINITE_RECURSION = YES;
				CLANG_WARN_INT_CONVERSION = YES;
				CLANG_WARN_NON_LITERAL_NULL_CONVERSION = YES;
				CLANG_WARN_OBJC_IMPLICIT_RETAIN_SELF = YES;
				CLANG_WARN_OBJC_LITERAL_CONVERSION = YES;
				CLANG_WARN_OBJC_ROOT_CLASS = YES_ERROR;
				CLANG_WARN_QUOTED_INCLUDE_IN_FRAMEWORK_HEADER = YES;
				CLANG_WARN_RANGE_LOOP_ANALYSIS = YES;
				CLANG_WARN_STRICT_PROTOTYPES = YES;
				CLANG_WARN_SUSPICIOUS_MOVE = YES;
				CLANG_WARN_UNGUARDED_AVAILABILITY = YES_AGGRESSIVE;
				CLANG_WARN_UNREACHABLE_CODE = YES;
				CLANG_WARN__DUPLICATE_METHOD_MATCH = YES;
				COPY_PHASE_STRIP = NO;
				DEBUG_INFORMATION_FORMAT = dwarf;
				ENABLE_STRICT_OBJC_MSGSEND = YES;
				ENABLE_TESTABILITY = YES;
				GCC_C_LANGUAGE_STANDARD = gnu11;
				GCC_DYNAMIC_NO_PIC = NO;
				GCC_NO_COMMON_BLOCKS = YES;
				GCC_OPTIMIZATION_LEVEL = 0;
				GCC_PREPROCESSOR_DEFINITIONS = (
					"DEBUG=1",
					"$(inherited)",
				);
				GCC_WARN_64_TO_32_BIT_CONVERSION = YES;
				GCC_WARN_ABOUT_RETURN_TYPE = YES_ERROR;
				GCC_WARN_UNDECLARED_SELECTOR = YES;
				GCC_WARN_UNINITIALIZED_AUTOS = YES_AGGRESSIVE;
				GCC_WARN_UNUSED_FUNCTION = YES;
				GCC_WARN_UNUSED_VARIABLE = YES;
				IPHONEOS_DEPLOYMENT_TARGET = 16.4;
				MTL_ENABLE_DEBUG_INFO = INCLUDE_SOURCE;
				MTL_FAST_MATH = YES;
				ONLY_ACTIVE_ARCH = YES;
				SDKROOT = iphoneos;
				SWIFT_ACTIVE_COMPILATION_CONDITIONS = DEBUG;
				SWIFT_OPTIMIZATION_LEVEL = "-Onone";
			};
			name = Debug;
		};
		64EB3E6B2AA2FFA900CFE39D /* Release */ = {
			isa = XCBuildConfiguration;
			buildSettings = {
				ALWAYS_SEARCH_USER_PATHS = NO;
				CLANG_ANALYZER_NONNULL = YES;
				CLANG_ANALYZER_NUMBER_OBJECT_CONVERSION = YES_AGGRESSIVE;
				CLANG_CXX_LANGUAGE_STANDARD = "gnu++20";
				CLANG_ENABLE_MODULES = YES;
				CLANG_ENABLE_OBJC_ARC = YES;
				CLANG_ENABLE_OBJC_WEAK = YES;
				CLANG_WARN_BLOCK_CAPTURE_AUTORELEASING = YES;
				CLANG_WARN_BOOL_CONVERSION = YES;
				CLANG_WARN_COMMA = YES;
				CLANG_WARN_CONSTANT_CONVERSION = YES;
				CLANG_WARN_DEPRECATED_OBJC_IMPLEMENTATIONS = YES;
				CLANG_WARN_DIRECT_OBJC_ISA_USAGE = YES_ERROR;
				CLANG_WARN_DOCUMENTATION_COMMENTS = YES;
				CLANG_WARN_EMPTY_BODY = YES;
				CLANG_WARN_ENUM_CONVERSION = YES;
				CLANG_WARN_INFINITE_RECURSION = YES;
				CLANG_WARN_INT_CONVERSION = YES;
				CLANG_WARN_NON_LITERAL_NULL_CONVERSION = YES;
				CLANG_WARN_OBJC_IMPLICIT_RETAIN_SELF = YES;
				CLANG_WARN_OBJC_LITERAL_CONVERSION = YES;
				CLANG_WARN_OBJC_ROOT_CLASS = YES_ERROR;
				CLANG_WARN_QUOTED_INCLUDE_IN_FRAMEWORK_HEADER = YES;
				CLANG_WARN_RANGE_LOOP_ANALYSIS = YES;
				CLANG_WARN_STRICT_PROTOTYPES = YES;
				CLANG_WARN_SUSPICIOUS_MOVE = YES;
				CLANG_WARN_UNGUARDED_AVAILABILITY = YES_AGGRESSIVE;
				CLANG_WARN_UNREACHABLE_CODE = YES;
				CLANG_WARN__DUPLICATE_METHOD_MATCH = YES;
				COPY_PHASE_STRIP = NO;
				DEBUG_INFORMATION_FORMAT = "dwarf-with-dsym";
				ENABLE_NS_ASSERTIONS = NO;
				ENABLE_STRICT_OBJC_MSGSEND = YES;
				GCC_C_LANGUAGE_STANDARD = gnu11;
				GCC_NO_COMMON_BLOCKS = YES;
				GCC_WARN_64_TO_32_BIT_CONVERSION = YES;
				GCC_WARN_ABOUT_RETURN_TYPE = YES_ERROR;
				GCC_WARN_UNDECLARED_SELECTOR = YES;
				GCC_WARN_UNINITIALIZED_AUTOS = YES_AGGRESSIVE;
				GCC_WARN_UNUSED_FUNCTION = YES;
				GCC_WARN_UNUSED_VARIABLE = YES;
				IPHONEOS_DEPLOYMENT_TARGET = 16.4;
				MTL_ENABLE_DEBUG_INFO = NO;
				MTL_FAST_MATH = YES;
				SDKROOT = iphoneos;
				SWIFT_COMPILATION_MODE = wholemodule;
				SWIFT_OPTIMIZATION_LEVEL = "-O";
				VALIDATE_PRODUCT = YES;
			};
			name = Release;
		};
		64EB3E6D2AA2FFA900CFE39D /* Debug */ = {
			isa = XCBuildConfiguration;
			buildSettings = {
				ASSETCATALOG_COMPILER_APPICON_NAME = AppIcon;
				ASSETCATALOG_COMPILER_GLOBAL_ACCENT_COLOR_NAME = AccentColor;
				CODE_SIGN_STYLE = Automatic;
				CURRENT_PROJECT_VERSION = 1;
				DEVELOPMENT_TEAM = UQ7Y2B2495;
				GENERATE_INFOPLIST_FILE = YES;
				INFOPLIST_FILE = questionnaire/App/Info.plist;
				INFOPLIST_KEY_UIApplicationSupportsIndirectInputEvents = YES;
				INFOPLIST_KEY_UILaunchStoryboardName = LaunchScreen;
				INFOPLIST_KEY_UIMainStoryboardFile = Main;
				INFOPLIST_KEY_UISupportedInterfaceOrientations_iPad = "UIInterfaceOrientationPortrait UIInterfaceOrientationPortraitUpsideDown UIInterfaceOrientationLandscapeLeft UIInterfaceOrientationLandscapeRight";
				INFOPLIST_KEY_UISupportedInterfaceOrientations_iPhone = "UIInterfaceOrientationPortrait UIInterfaceOrientationLandscapeLeft UIInterfaceOrientationLandscapeRight";
				LD_RUNPATH_SEARCH_PATHS = (
					"$(inherited)",
					"@executable_path/Frameworks",
				);
				MARKETING_VERSION = 1.0;
				PRODUCT_BUNDLE_IDENTIFIER = com.platunov.questionnaire;
				PRODUCT_NAME = "$(TARGET_NAME)";
				SWIFT_EMIT_LOC_STRINGS = YES;
				SWIFT_VERSION = 5.0;
				TARGETED_DEVICE_FAMILY = "1,2";
			};
			name = Debug;
		};
		64EB3E6E2AA2FFA900CFE39D /* Release */ = {
			isa = XCBuildConfiguration;
			buildSettings = {
				ASSETCATALOG_COMPILER_APPICON_NAME = AppIcon;
				ASSETCATALOG_COMPILER_GLOBAL_ACCENT_COLOR_NAME = AccentColor;
				CODE_SIGN_STYLE = Automatic;
				CURRENT_PROJECT_VERSION = 1;
				DEVELOPMENT_TEAM = UQ7Y2B2495;
				GENERATE_INFOPLIST_FILE = YES;
				INFOPLIST_FILE = questionnaire/App/Info.plist;
				INFOPLIST_KEY_UIApplicationSupportsIndirectInputEvents = YES;
				INFOPLIST_KEY_UILaunchStoryboardName = LaunchScreen;
				INFOPLIST_KEY_UIMainStoryboardFile = Main;
				INFOPLIST_KEY_UISupportedInterfaceOrientations_iPad = "UIInterfaceOrientationPortrait UIInterfaceOrientationPortraitUpsideDown UIInterfaceOrientationLandscapeLeft UIInterfaceOrientationLandscapeRight";
				INFOPLIST_KEY_UISupportedInterfaceOrientations_iPhone = "UIInterfaceOrientationPortrait UIInterfaceOrientationLandscapeLeft UIInterfaceOrientationLandscapeRight";
				LD_RUNPATH_SEARCH_PATHS = (
					"$(inherited)",
					"@executable_path/Frameworks",
				);
				MARKETING_VERSION = 1.0;
				PRODUCT_BUNDLE_IDENTIFIER = com.platunov.questionnaire;
				PRODUCT_NAME = "$(TARGET_NAME)";
				SWIFT_EMIT_LOC_STRINGS = YES;
				SWIFT_VERSION = 5.0;
				TARGETED_DEVICE_FAMILY = "1,2";
			};
			name = Release;
		};
/* End XCBuildConfiguration section */

/* Begin XCConfigurationList section */
		64EB3E532AA2FFA800CFE39D /* Build configuration list for PBXProject "questionnaire" */ = {
			isa = XCConfigurationList;
			buildConfigurations = (
				64EB3E6A2AA2FFA900CFE39D /* Debug */,
				64EB3E6B2AA2FFA900CFE39D /* Release */,
			);
			defaultConfigurationIsVisible = 0;
			defaultConfigurationName = Release;
		};
		64EB3E6C2AA2FFA900CFE39D /* Build configuration list for PBXNativeTarget "questionnaire" */ = {
			isa = XCConfigurationList;
			buildConfigurations = (
				64EB3E6D2AA2FFA900CFE39D /* Debug */,
				64EB3E6E2AA2FFA900CFE39D /* Release */,
			);
			defaultConfigurationIsVisible = 0;
			defaultConfigurationName = Release;
		};
/* End XCConfigurationList section */
	};
	rootObject = 64EB3E502AA2FFA800CFE39D /* Project object */;
}
